
Microsoft Visual Studio Solution File, Format Version 12.00
# Visual Studio Version 17
VisualStudioVersion = 17.5.002.0
MinimumVisualStudioVersion = 10.0.40219.1
Project("{9A19103F-16F7-4668-BE54-9A1E7A4F7556}") = "CIDemo", "CIDemo.csproj", "{F5D5C539-CF31-4E2F-B6A9-88BE24CE1C81}"
EndProject
Global
	GlobalSection(SolutionConfigurationPlatforms) = preSolution
		Debug|Any CPU = Debug|Any CPU
		Release|Any CPU = Release|Any CPU
	EndGlobalSection
	GlobalSection(ProjectConfigurationPlatforms) = postSolution
		{F5D5C539-CF31-4E2F-B6A9-88BE24CE1C81}.Debug|Any CPU.ActiveCfg = Debug|Any CPU
		{F5D5C539-CF31-4E2F-B6A9-88BE24CE1C81}.Debug|Any CPU.Build.0 = Debug|Any CPU
		{F5D5C539-CF31-4E2F-B6A9-88BE24CE1C81}.Release|Any CPU.ActiveCfg = Release|Any CPU
		{F5D5C539-CF31-4E2F-B6A9-88BE24CE1C81}.Release|Any CPU.Build.0 = Release|Any CPU
	EndGlobalSection
	GlobalSection(SolutionProperties) = preSolution
		HideSolutionNode = FALSE
	EndGlobalSection
	GlobalSection(ExtensibilityGlobals) = postSolution
		SolutionGuid = {DE55C0A2-1503-493E-BB49-8D55CD2C139A}
	EndGlobalSection
EndGlobal
